# This file is automatically @generated by Cargo.
# It is not intended for manual editing.
version = 3

[[package]]
name = "color_quant"
version = "1.1.0"
source = "registry+https://github.com/rust-lang/crates.io-index"
checksum = "3d7b894f5411737b7867f4827955924d7c254fc9f4d91a6aad6b097804b1018b"

[[package]]
name = "gif"
version = "0.13.0"
source = "registry+https://github.com/rust-lang/crates.io-index"
checksum = "130a857b01e74bf2ca95a20baa639bf6c823b5ce40aa7532e48264298b255c54"
dependencies = [
 "color_quant",
 "weezl",
]

[[package]]
name = "gif_helper"
version = "0.0.1"
dependencies = [
 "gif",
]

[[package]]
name = "weezl"
version = "0.1.8"
source = "registry+https://github.com/rust-lang/crates.io-index"
checksum = "53a85b86a771b1c87058196170769dd264f66c0782acf1ae6cc51bfd64b39082"
