
Microsoft Visual Studio Solution File, Format Version 12.00
Project("{FAE04EC0-301F-11D3-BF4B-00C04F79EFBC}") = "WebLaunchPad.Api", "WebLaunchPad.Api\WebLaunchPad.Api.csproj", "{0A09A81A-27B5-4104-BD02-4271B7BE29EE}"
EndProject
Project("{FAE04EC0-301F-11D3-BF4B-00C04F79EFBC}") = "WebLaunchPad.Communication", "WebLaunchPad.Communication\WebLaunchPad.Communication.csproj", "{EB6646CC-85D7-4FA4-BD7C-5F9135094C91}"
EndProject
Project("{FAE04EC0-301F-11D3-BF4B-00C04F79EFBC}") = "WebLaunchPad.Images", "WebLaunchPad.Images\WebLaunchPad.Images.csproj", "{F3EE1346-07C9-49FD-B752-1DDDE8322647}"
EndProject
Global
	GlobalSection(SolutionConfigurationPlatforms) = preSolution
		Debug|Any CPU = Debug|Any CPU
		Release|Any CPU = Release|Any CPU
	EndGlobalSection
	GlobalSection(ProjectConfigurationPlatforms) = postSolution
		{0A09A81A-27B5-4104-BD02-4271B7BE29EE}.Debug|Any CPU.ActiveCfg = Debug|Any CPU
		{0A09A81A-27B5-4104-BD02-4271B7BE29EE}.Debug|Any CPU.Build.0 = Debug|Any CPU
		{0A09A81A-27B5-4104-BD02-4271B7BE29EE}.Release|Any CPU.ActiveCfg = Release|Any CPU
		{0A09A81A-27B5-4104-BD02-4271B7BE29EE}.Release|Any CPU.Build.0 = Release|Any CPU
		{EB6646CC-85D7-4FA4-BD7C-5F9135094C91}.Debug|Any CPU.ActiveCfg = Debug|Any CPU
		{EB6646CC-85D7-4FA4-BD7C-5F9135094C91}.Debug|Any CPU.Build.0 = Debug|Any CPU
		{EB6646CC-85D7-4FA4-BD7C-5F9135094C91}.Release|Any CPU.ActiveCfg = Release|Any CPU
		{EB6646CC-85D7-4FA4-BD7C-5F9135094C91}.Release|Any CPU.Build.0 = Release|Any CPU
		{F3EE1346-07C9-49FD-B752-1DDDE8322647}.Debug|Any CPU.ActiveCfg = Debug|Any CPU
		{F3EE1346-07C9-49FD-B752-1DDDE8322647}.Debug|Any CPU.Build.0 = Debug|Any CPU
		{F3EE1346-07C9-49FD-B752-1DDDE8322647}.Release|Any CPU.ActiveCfg = Release|Any CPU
		{F3EE1346-07C9-49FD-B752-1DDDE8322647}.Release|Any CPU.Build.0 = Release|Any CPU
	EndGlobalSection
EndGlobal
